
Microsoft Visual Studio Solution File, Format Version 12.00
# Visual Studio Version 17
VisualStudioVersion = 17.0.31919.166
MinimumVisualStudioVersion = 10.0.40219.1
Project("{FAE04EC0-301F-11D3-BF4B-00C04F79EFBC}") = "Inclassfinal", "Inclassfinal\Inclassfinal.csproj", "{56BEF8D0-2A91-4A75-B0BA-FD504D84F2BB}"
EndProject
Global
	GlobalSection(SolutionConfigurationPlatforms) = preSolution
		Debug|Any CPU = Debug|Any CPU
		Release|Any CPU = Release|Any CPU
	EndGlobalSection
	GlobalSection(ProjectConfigurationPlatforms) = postSolution
		{56BEF8D0-2A91-4A75-B0BA-FD504D84F2BB}.Debug|Any CPU.ActiveCfg = Debug|Any CPU
		{56BEF8D0-2A91-4A75-B0BA-FD504D84F2BB}.Debug|Any CPU.Build.0 = Debug|Any CPU
		{56BEF8D0-2A91-4A75-B0BA-FD504D84F2BB}.Release|Any CPU.ActiveCfg = Release|Any CPU
		{56BEF8D0-2A91-4A75-B0BA-FD504D84F2BB}.Release|Any CPU.Build.0 = Release|Any CPU
	EndGlobalSection
	GlobalSection(SolutionProperties) = preSolution
		HideSolutionNode = FALSE
	EndGlobalSection
	GlobalSection(ExtensibilityGlobals) = postSolution
		SolutionGuid = {6E23DAEC-1404-429B-B2CE-7724A33D07C9}
	EndGlobalSection
EndGlobal
