
Microsoft Visual Studio Solution File, Format Version 12.00
# Visual Studio Version 17
VisualStudioVersion = 17.0.31919.166
MinimumVisualStudioVersion = 10.0.40219.1
Project("{FAE04EC0-301F-11D3-BF4B-00C04F79EFBC}") = "WEEK10API", "WEEK10API\WEEK10API.csproj", "{D9AA54F2-ED73-4B0D-B099-7C57F52EEB80}"
EndProject
Global
	GlobalSection(SolutionConfigurationPlatforms) = preSolution
		Debug|Any CPU = Debug|Any CPU
		Release|Any CPU = Release|Any CPU
	EndGlobalSection
	GlobalSection(ProjectConfigurationPlatforms) = postSolution
		{D9AA54F2-ED73-4B0D-B099-7C57F52EEB80}.Debug|Any CPU.ActiveCfg = Debug|Any CPU
		{D9AA54F2-ED73-4B0D-B099-7C57F52EEB80}.Debug|Any CPU.Build.0 = Debug|Any CPU
		{D9AA54F2-ED73-4B0D-B099-7C57F52EEB80}.Release|Any CPU.ActiveCfg = Release|Any CPU
		{D9AA54F2-ED73-4B0D-B099-7C57F52EEB80}.Release|Any CPU.Build.0 = Release|Any CPU
	EndGlobalSection
	GlobalSection(SolutionProperties) = preSolution
		HideSolutionNode = FALSE
	EndGlobalSection
	GlobalSection(ExtensibilityGlobals) = postSolution
		SolutionGuid = {3ABDAE2C-C519-4906-8579-C07217F4A04E}
	EndGlobalSection
EndGlobal
